
Microsoft Visual Studio Solution File, Format Version 12.00
# Visual Studio Express 2012 for Web
Project("{FAE04EC0-301F-11D3-BF4B-00C04F79EFBC}") = "ChaiShai", "ChaiShai\ChaiShai.csproj", "{A150E10E-5462-4D2E-A4B1-67CD536FB7F9}"
EndProject
Global
	GlobalSection(SolutionConfigurationPlatforms) = preSolution
		Debug|Any CPU = Debug|Any CPU
		Release|Any CPU = Release|Any CPU
	EndGlobalSection
	GlobalSection(ProjectConfigurationPlatforms) = postSolution
		{A150E10E-5462-4D2E-A4B1-67CD536FB7F9}.Debug|Any CPU.ActiveCfg = Debug|Any CPU
		{A150E10E-5462-4D2E-A4B1-67CD536FB7F9}.Debug|Any CPU.Build.0 = Debug|Any CPU
		{A150E10E-5462-4D2E-A4B1-67CD536FB7F9}.Release|Any CPU.ActiveCfg = Release|Any CPU
		{A150E10E-5462-4D2E-A4B1-67CD536FB7F9}.Release|Any CPU.Build.0 = Release|Any CPU
	EndGlobalSection
	GlobalSection(SolutionProperties) = preSolution
		HideSolutionNode = FALSE
	EndGlobalSection
EndGlobal
